
Microsoft Visual Studio Solution File, Format Version 12.00
# Visual Studio Version 17
VisualStudioVersion = 17.14.37411.7
MinimumVisualStudioVersion = 10.0.40219.1
Project("{FAE04EC0-301F-11D3-BF4B-00C04F79EFBC}") = "drewCo.CLI", "drewCo.CLI\drewCo.CLI.csproj", "{F239658E-3C7B-9D8C-0F30-A6D56914A3B5}"
EndProject
Project("{FAE04EC0-301F-11D3-BF4B-00C04F79EFBC}") = "drewCo.CLITesters", "drewCo.CLITesters\drewCo.CLITesters.csproj", "{44BA7FD7-2536-2004-6129-BC65B79BC7B6}"
EndProject
Project("{FAE04EC0-301F-11D3-BF4B-00C04F79EFBC}") = "drewCo.CLI.Tools", "drewCo.CLI.Tools\drewCo.CLI.Tools.csproj", "{931C2A96-5D07-422D-BC6E-577D40F602E1}"
EndProject
Project("{FAE04EC0-301F-11D3-BF4B-00C04F79EFBC}") = "dhll", "..\..\dhll\dhll\dhll.csproj", "{295CB876-7882-C33C-FC2E-0909B67EF587}"
EndProject
Global
	GlobalSection(SolutionConfigurationPlatforms) = preSolution
		Debug|Any CPU = Debug|Any CPU
		Release|Any CPU = Release|Any CPU
	EndGlobalSection
	GlobalSection(ProjectConfigurationPlatforms) = postSolution
		{F239658E-3C7B-9D8C-0F30-A6D56914A3B5}.Debug|Any CPU.ActiveCfg = Debug|Any CPU
		{F239658E-3C7B-9D8C-0F30-A6D56914A3B5}.Debug|Any CPU.Build.0 = Debug|Any CPU
		{F239658E-3C7B-9D8C-0F30-A6D56914A3B5}.Release|Any CPU.ActiveCfg = Release|Any CPU
		{F239658E-3C7B-9D8C-0F30-A6D56914A3B5}.Release|Any CPU.Build.0 = Release|Any CPU
		{44BA7FD7-2536-2004-6129-BC65B79BC7B6}.Debug|Any CPU.ActiveCfg = Debug|Any CPU
		{44BA7FD7-2536-2004-6129-BC65B79BC7B6}.Debug|Any CPU.Build.0 = Debug|Any CPU
		{44BA7FD7-2536-2004-6129-BC65B79BC7B6}.Release|Any CPU.ActiveCfg = Release|Any CPU
		{44BA7FD7-2536-2004-6129-BC65B79BC7B6}.Release|Any CPU.Build.0 = Release|Any CPU
		{931C2A96-5D07-422D-BC6E-577D40F602E1}.Debug|Any CPU.ActiveCfg = Debug|Any CPU
		{931C2A96-5D07-422D-BC6E-577D40F602E1}.Debug|Any CPU.Build.0 = Debug|Any CPU
		{931C2A96-5D07-422D-BC6E-577D40F602E1}.Release|Any CPU.ActiveCfg = Release|Any CPU
		{931C2A96-5D07-422D-BC6E-577D40F602E1}.Release|Any CPU.Build.0 = Release|Any CPU
		{295CB876-7882-C33C-FC2E-0909B67EF587}.Debug|Any CPU.ActiveCfg = Debug|Any CPU
		{295CB876-7882-C33C-FC2E-0909B67EF587}.Debug|Any CPU.Build.0 = Debug|Any CPU
		{295CB876-7882-C33C-FC2E-0909B67EF587}.Release|Any CPU.ActiveCfg = Release|Any CPU
		{295CB876-7882-C33C-FC2E-0909B67EF587}.Release|Any CPU.Build.0 = Release|Any CPU
	EndGlobalSection
	GlobalSection(SolutionProperties) = preSolution
		HideSolutionNode = FALSE
	EndGlobalSection
	GlobalSection(ExtensibilityGlobals) = postSolution
		SolutionGuid = {12E18FA8-6441-432C-811D-5F27BC2720C2}
	EndGlobalSection
EndGlobal
